{
  "nodes": {
    "emacs-overlay": {
      "locked": {
        "lastModified": 1621592791,
        "narHash": "sha256-t87ElPIX5bGOKEdaddNzwB26WlOd7ugCLkvO5pWXubI=",
        "owner": "nix-community",
        "repo": "emacs-overlay",
        "rev": "f9f4e40f55c9e3d9b0fba29f14ac5d7cffecf675",
        "type": "github"
      },
      "original": {
        "owner": "nix-community",
        "repo": "emacs-overlay",
        "type": "github"
      }
    },
    "home-manager": {
      "inputs": {
        "nixpkgs": [
          "nixpkgs"
        ]
      },
      "locked": {
        "lastModified": 1619820677,
        "narHash": "sha256-mNz58JzgB7mWSujih0PC0FJ/XUFtysHVGi2JPvG/okg=",
        "owner": "nix-community",
        "repo": "home-manager",
        "rev": "2eed1380266cf6d0f48a90ba24131fc8f65a4f61",
        "type": "github"
      },
      "original": {
        "owner": "nix-community",
        "ref": "master",
        "repo": "home-manager",
        "type": "github"
      }
    },
    "nixpkgs": {
      "locked": {
        "lastModified": 1621552131,
        "narHash": "sha256-AD/AEXv+QOYAg0PIqMYv2nbGOGTIwfOGKtz3rE+y+Tc=",
        "owner": "nixos",
        "repo": "nixpkgs",
        "rev": "d42cd445dde587e9a993cd9434cb43da07c4c5de",
        "type": "github"
      },
      "original": {
        "owner": "nixos",
        "ref": "nixos-unstable",
        "repo": "nixpkgs",
        "type": "github"
      }
    },
    "root": {
      "inputs": {
        "emacs-overlay": "emacs-overlay",
        "home-manager": "home-manager",
        "nixpkgs": "nixpkgs"
      }
    }
  },
  "root": "root",
  "version": 7
}
