{
  "nodes": {
    "nixpkgs": {
      "locked": {
        "lastModified": 1606507196,
        "narHash": "sha256-VlC/fA/J/kUNffw0gmNmne1pTm4/vPnHppAv1LUtlDo=",
        "owner": "nixos",
        "repo": "nixpkgs",
        "rev": "e111e9d4c0570486f990f8000d91694075b7cea1",
        "type": "github"
      },
      "original": {
        "owner": "nixos",
        "ref": "nixos-20.09",
        "repo": "nixpkgs",
        "type": "github"
      }
    },
    "root": {
      "inputs": {
        "nixpkgs": "nixpkgs"
      }
    }
  },
  "root": "root",
  "version": 7
}
